
Microsoft Visual Studio Solution File, Format Version 12.00
# Visual Studio Version 16
VisualStudioVersion = 16.0.31702.278
MinimumVisualStudioVersion = 10.0.40219.1
Project("{9A19103F-16F7-4668-BE54-9A1E7A4F7556}") = "Core", "Core\Core.csproj", "{D37BC9BB-E85C-4400-9F96-76B6EDC924D2}"
EndProject
Project("{FAE04EC0-301F-11D3-BF4B-00C04F79EFBC}") = "Core.UnitTests", "Core.UnitTests\Core.UnitTests.csproj", "{AEDC38C6-C282-4C73-ACFA-92A452566B3C}"
EndProject
Global
	GlobalSection(SolutionConfigurationPlatforms) = preSolution
		Debug|Any CPU = Debug|Any CPU
		Release|Any CPU = Release|Any CPU
	EndGlobalSection
	GlobalSection(ProjectConfigurationPlatforms) = postSolution
		{D37BC9BB-E85C-4400-9F96-76B6EDC924D2}.Debug|Any CPU.ActiveCfg = Debug|Any CPU
		{D37BC9BB-E85C-4400-9F96-76B6EDC924D2}.Debug|Any CPU.Build.0 = Debug|Any CPU
		{D37BC9BB-E85C-4400-9F96-76B6EDC924D2}.Release|Any CPU.ActiveCfg = Release|Any CPU
		{D37BC9BB-E85C-4400-9F96-76B6EDC924D2}.Release|Any CPU.Build.0 = Release|Any CPU
		{AEDC38C6-C282-4C73-ACFA-92A452566B3C}.Debug|Any CPU.ActiveCfg = Debug|Any CPU
		{AEDC38C6-C282-4C73-ACFA-92A452566B3C}.Debug|Any CPU.Build.0 = Debug|Any CPU
		{AEDC38C6-C282-4C73-ACFA-92A452566B3C}.Release|Any CPU.ActiveCfg = Release|Any CPU
		{AEDC38C6-C282-4C73-ACFA-92A452566B3C}.Release|Any CPU.Build.0 = Release|Any CPU
	EndGlobalSection
	GlobalSection(SolutionProperties) = preSolution
		HideSolutionNode = FALSE
	EndGlobalSection
	GlobalSection(ExtensibilityGlobals) = postSolution
		SolutionGuid = {B3D68710-124F-4FD7-B38C-74AA1464FC01}
	EndGlobalSection
EndGlobal
