
Microsoft Visual Studio Solution File, Format Version 12.00
# Visual Studio Version 16
VisualStudioVersion = 16.0.31702.278
MinimumVisualStudioVersion = 10.0.40219.1
Project("{FAE04EC0-301F-11D3-BF4B-00C04F79EFBC}") = "Core", "Core\Core.csproj", "{A05759CA-E6C4-49B1-A950-55A46DC24CD7}"
EndProject
Project("{FAE04EC0-301F-11D3-BF4B-00C04F79EFBC}") = "CoreTests", "CoreTests\CoreTests.csproj", "{941871E4-678A-40BB-971D-64D53FD98BF9}"
EndProject
Global
	GlobalSection(SolutionConfigurationPlatforms) = preSolution
		Debug|Any CPU = Debug|Any CPU
		Release|Any CPU = Release|Any CPU
	EndGlobalSection
	GlobalSection(ProjectConfigurationPlatforms) = postSolution
		{A05759CA-E6C4-49B1-A950-55A46DC24CD7}.Debug|Any CPU.ActiveCfg = Debug|Any CPU
		{A05759CA-E6C4-49B1-A950-55A46DC24CD7}.Debug|Any CPU.Build.0 = Debug|Any CPU
		{A05759CA-E6C4-49B1-A950-55A46DC24CD7}.Release|Any CPU.ActiveCfg = Release|Any CPU
		{A05759CA-E6C4-49B1-A950-55A46DC24CD7}.Release|Any CPU.Build.0 = Release|Any CPU
		{941871E4-678A-40BB-971D-64D53FD98BF9}.Debug|Any CPU.ActiveCfg = Debug|Any CPU
		{941871E4-678A-40BB-971D-64D53FD98BF9}.Debug|Any CPU.Build.0 = Debug|Any CPU
		{941871E4-678A-40BB-971D-64D53FD98BF9}.Release|Any CPU.ActiveCfg = Release|Any CPU
		{941871E4-678A-40BB-971D-64D53FD98BF9}.Release|Any CPU.Build.0 = Release|Any CPU
	EndGlobalSection
	GlobalSection(SolutionProperties) = preSolution
		HideSolutionNode = FALSE
	EndGlobalSection
	GlobalSection(ExtensibilityGlobals) = postSolution
		SolutionGuid = {AD71B409-BD17-4373-BA48-A947BC81CFE2}
	EndGlobalSection
EndGlobal
